
Microsoft Visual Studio Solution File, Format Version 12.00
# Visual Studio Version 17
VisualStudioVersion = 17.4.33110.190
MinimumVisualStudioVersion = 10.0.40219.1
Project("{9A19103F-16F7-4668-BE54-9A1E7A4F7556}") = "CsvReaderApp.Console", "CsvReaderApp.Console\CsvReaderApp.Console.csproj", "{B03BD858-9330-4454-BA14-E161BB38AAAF}"
EndProject
Project("{9A19103F-16F7-4668-BE54-9A1E7A4F7556}") = "CsvReaderApp.Services", "CsvReaderApp.Service\CsvReaderApp.Services.csproj", "{0F760296-ED35-4382-98E4-3970EDB724F3}"
EndProject
Project("{9A19103F-16F7-4668-BE54-9A1E7A4F7556}") = "CsvReaderApp.Models", "CsvReaderApp.Models\CsvReaderApp.Models.csproj", "{C1242FD6-E64A-4A54-933E-8F54C3461DC8}"
EndProject
Project("{9A19103F-16F7-4668-BE54-9A1E7A4F7556}") = "Common.Services", "Common.Services\Common.Services.csproj", "{A89F9501-CE88-4F6F-BBD3-6D6A813F4CD6}"
EndProject
Project("{2150E333-8FDC-42A3-9474-1A3956D46DE8}") = "Tests", "Tests", "{5E15C8B7-6F83-46C9-9197-AC8F99146185}"
EndProject
Project("{9A19103F-16F7-4668-BE54-9A1E7A4F7556}") = "CommonServicesTests", "CommonServicesTests\CommonServicesTests.csproj", "{E7EE8B22-4957-4194-A52B-672A5F58B615}"
EndProject
Project("{9A19103F-16F7-4668-BE54-9A1E7A4F7556}") = "CsvReaderAppServicesTests", "CsvReaderAppServicesTests\CsvReaderAppServicesTests.csproj", "{2070AE18-B66F-41A8-B82A-2E09EF018A78}"
EndProject
Project("{9A19103F-16F7-4668-BE54-9A1E7A4F7556}") = "CsvReaderApp.Binance.Models", "CsvReaderApp.Binance.Models\CsvReaderApp.Binance.Models.csproj", "{0904D718-3FB5-46F7-B0C9-85D7BE4D42E6}"
EndProject
Project("{9A19103F-16F7-4668-BE54-9A1E7A4F7556}") = "CsvWriterApp.Console", "CsvWriterApp\CsvWriterApp.Console.csproj", "{D807CB0A-894A-4D2A-900B-01F78FC8B2FA}"
EndProject
Project("{2150E333-8FDC-42A3-9474-1A3956D46DE8}") = "Apis", "Apis", "{178DEB47-55F3-45E3-BB51-BCADBDEE92CB}"
EndProject
Global
	GlobalSection(SolutionConfigurationPlatforms) = preSolution
		Debug|Any CPU = Debug|Any CPU
		Release|Any CPU = Release|Any CPU
	EndGlobalSection
	GlobalSection(ProjectConfigurationPlatforms) = postSolution
		{B03BD858-9330-4454-BA14-E161BB38AAAF}.Debug|Any CPU.ActiveCfg = Debug|Any CPU
		{B03BD858-9330-4454-BA14-E161BB38AAAF}.Debug|Any CPU.Build.0 = Debug|Any CPU
		{B03BD858-9330-4454-BA14-E161BB38AAAF}.Release|Any CPU.ActiveCfg = Release|Any CPU
		{B03BD858-9330-4454-BA14-E161BB38AAAF}.Release|Any CPU.Build.0 = Release|Any CPU
		{0F760296-ED35-4382-98E4-3970EDB724F3}.Debug|Any CPU.ActiveCfg = Debug|Any CPU
		{0F760296-ED35-4382-98E4-3970EDB724F3}.Debug|Any CPU.Build.0 = Debug|Any CPU
		{0F760296-ED35-4382-98E4-3970EDB724F3}.Release|Any CPU.ActiveCfg = Release|Any CPU
		{0F760296-ED35-4382-98E4-3970EDB724F3}.Release|Any CPU.Build.0 = Release|Any CPU
		{C1242FD6-E64A-4A54-933E-8F54C3461DC8}.Debug|Any CPU.ActiveCfg = Debug|Any CPU
		{C1242FD6-E64A-4A54-933E-8F54C3461DC8}.Debug|Any CPU.Build.0 = Debug|Any CPU
		{C1242FD6-E64A-4A54-933E-8F54C3461DC8}.Release|Any CPU.ActiveCfg = Release|Any CPU
		{C1242FD6-E64A-4A54-933E-8F54C3461DC8}.Release|Any CPU.Build.0 = Release|Any CPU
		{A89F9501-CE88-4F6F-BBD3-6D6A813F4CD6}.Debug|Any CPU.ActiveCfg = Debug|Any CPU
		{A89F9501-CE88-4F6F-BBD3-6D6A813F4CD6}.Debug|Any CPU.Build.0 = Debug|Any CPU
		{A89F9501-CE88-4F6F-BBD3-6D6A813F4CD6}.Release|Any CPU.ActiveCfg = Release|Any CPU
		{A89F9501-CE88-4F6F-BBD3-6D6A813F4CD6}.Release|Any CPU.Build.0 = Release|Any CPU
		{E7EE8B22-4957-4194-A52B-672A5F58B615}.Debug|Any CPU.ActiveCfg = Debug|Any CPU
		{E7EE8B22-4957-4194-A52B-672A5F58B615}.Debug|Any CPU.Build.0 = Debug|Any CPU
		{E7EE8B22-4957-4194-A52B-672A5F58B615}.Release|Any CPU.ActiveCfg = Release|Any CPU
		{E7EE8B22-4957-4194-A52B-672A5F58B615}.Release|Any CPU.Build.0 = Release|Any CPU
		{2070AE18-B66F-41A8-B82A-2E09EF018A78}.Debug|Any CPU.ActiveCfg = Debug|Any CPU
		{2070AE18-B66F-41A8-B82A-2E09EF018A78}.Debug|Any CPU.Build.0 = Debug|Any CPU
		{2070AE18-B66F-41A8-B82A-2E09EF018A78}.Release|Any CPU.ActiveCfg = Release|Any CPU
		{2070AE18-B66F-41A8-B82A-2E09EF018A78}.Release|Any CPU.Build.0 = Release|Any CPU
		{0904D718-3FB5-46F7-B0C9-85D7BE4D42E6}.Debug|Any CPU.ActiveCfg = Debug|Any CPU
		{0904D718-3FB5-46F7-B0C9-85D7BE4D42E6}.Debug|Any CPU.Build.0 = Debug|Any CPU
		{0904D718-3FB5-46F7-B0C9-85D7BE4D42E6}.Release|Any CPU.ActiveCfg = Release|Any CPU
		{0904D718-3FB5-46F7-B0C9-85D7BE4D42E6}.Release|Any CPU.Build.0 = Release|Any CPU
		{D807CB0A-894A-4D2A-900B-01F78FC8B2FA}.Debug|Any CPU.ActiveCfg = Debug|Any CPU
		{D807CB0A-894A-4D2A-900B-01F78FC8B2FA}.Debug|Any CPU.Build.0 = Debug|Any CPU
		{D807CB0A-894A-4D2A-900B-01F78FC8B2FA}.Release|Any CPU.ActiveCfg = Release|Any CPU
		{D807CB0A-894A-4D2A-900B-01F78FC8B2FA}.Release|Any CPU.Build.0 = Release|Any CPU
	EndGlobalSection
	GlobalSection(SolutionProperties) = preSolution
		HideSolutionNode = FALSE
	EndGlobalSection
	GlobalSection(NestedProjects) = preSolution
		{E7EE8B22-4957-4194-A52B-672A5F58B615} = {5E15C8B7-6F83-46C9-9197-AC8F99146185}
		{2070AE18-B66F-41A8-B82A-2E09EF018A78} = {5E15C8B7-6F83-46C9-9197-AC8F99146185}
	EndGlobalSection
	GlobalSection(ExtensibilityGlobals) = postSolution
		SolutionGuid = {85B867FD-69EE-46B0-A56E-C53A49AE7458}
	EndGlobalSection
EndGlobal
